
Microsoft Visual Studio Solution File, Format Version 10.00
# Visual Studio 2008
Project("{FAE04EC0-301F-11D3-BF4B-00C04F79EFBC}") = "Nested_If_Else", "Nested_If_Else\Nested_If_Else.csproj", "{EC503F02-B4F6-4945-8FA7-898E68D1F5D9}"
EndProject
Global
	GlobalSection(SolutionConfigurationPlatforms) = preSolution
		Debug|Any CPU = Debug|Any CPU
		Release|Any CPU = Release|Any CPU
	EndGlobalSection
	GlobalSection(ProjectConfigurationPlatforms) = postSolution
		{EC503F02-B4F6-4945-8FA7-898E68D1F5D9}.Debug|Any CPU.ActiveCfg = Debug|Any CPU
		{EC503F02-B4F6-4945-8FA7-898E68D1F5D9}.Debug|Any CPU.Build.0 = Debug|Any CPU
		{EC503F02-B4F6-4945-8FA7-898E68D1F5D9}.Release|Any CPU.ActiveCfg = Release|Any CPU
		{EC503F02-B4F6-4945-8FA7-898E68D1F5D9}.Release|Any CPU.Build.0 = Release|Any CPU
	EndGlobalSection
	GlobalSection(SolutionProperties) = preSolution
		HideSolutionNode = FALSE
	EndGlobalSection
EndGlobal
